
Microsoft Visual Studio Solution File, Format Version 12.00
# Visual Studio Version 17
VisualStudioVersion = 17.10.35027.167
MinimumVisualStudioVersion = 10.0.40219.1
Project("{8BC9CEB8-8B4A-11D0-8D11-00A0C91BC942}") = "ConvexHull", "ConvexHull.vcxproj", "{EC57FEA1-AA14-4B50-99C1-821529F12198}"
EndProject
Global
	GlobalSection(SolutionConfigurationPlatforms) = preSolution
		Debug|x64 = Debug|x64
		Debug|x86 = Debug|x86
		Release|x64 = Release|x64
		Release|x86 = Release|x86
	EndGlobalSection
	GlobalSection(ProjectConfigurationPlatforms) = postSolution
		{EC57FEA1-AA14-4B50-99C1-821529F12198}.Debug|x64.ActiveCfg = Debug|x64
		{EC57FEA1-AA14-4B50-99C1-821529F12198}.Debug|x64.Build.0 = Debug|x64
		{EC57FEA1-AA14-4B50-99C1-821529F12198}.Debug|x86.ActiveCfg = Debug|Win32
		{EC57FEA1-AA14-4B50-99C1-821529F12198}.Debug|x86.Build.0 = Debug|Win32
		{EC57FEA1-AA14-4B50-99C1-821529F12198}.Release|x64.ActiveCfg = Release|x64
		{EC57FEA1-AA14-4B50-99C1-821529F12198}.Release|x64.Build.0 = Release|x64
		{EC57FEA1-AA14-4B50-99C1-821529F12198}.Release|x86.ActiveCfg = Release|Win32
		{EC57FEA1-AA14-4B50-99C1-821529F12198}.Release|x86.Build.0 = Release|Win32
	EndGlobalSection
	GlobalSection(SolutionProperties) = preSolution
		HideSolutionNode = FALSE
	EndGlobalSection
	GlobalSection(ExtensibilityGlobals) = postSolution
		SolutionGuid = {F9FCEF2D-6DAC-4EA6-AC57-A118F8F559CA}
	EndGlobalSection
EndGlobal
